
Microsoft Visual Studio Solution File, Format Version 12.00
# Visual Studio Version 17
VisualStudioVersion = 17.4.33213.308
MinimumVisualStudioVersion = 10.0.40219.1
Project("{FAE04EC0-301F-11D3-BF4B-00C04F79EFBC}") = "Module12", "Module12.csproj", "{AFDAC0CD-6A64-48F1-B60D-D1C290B329C0}"
EndProject
Global
	GlobalSection(SolutionConfigurationPlatforms) = preSolution
		Debug|Any CPU = Debug|Any CPU
		Release|Any CPU = Release|Any CPU
	EndGlobalSection
	GlobalSection(ProjectConfigurationPlatforms) = postSolution
		{AFDAC0CD-6A64-48F1-B60D-D1C290B329C0}.Debug|Any CPU.ActiveCfg = Debug|Any CPU
		{AFDAC0CD-6A64-48F1-B60D-D1C290B329C0}.Debug|Any CPU.Build.0 = Debug|Any CPU
		{AFDAC0CD-6A64-48F1-B60D-D1C290B329C0}.Release|Any CPU.ActiveCfg = Release|Any CPU
		{AFDAC0CD-6A64-48F1-B60D-D1C290B329C0}.Release|Any CPU.Build.0 = Release|Any CPU
	EndGlobalSection
	GlobalSection(SolutionProperties) = preSolution
		HideSolutionNode = FALSE
	EndGlobalSection
	GlobalSection(ExtensibilityGlobals) = postSolution
		SolutionGuid = {D744F768-14B9-4C44-8A7F-AA3829E26A5F}
	EndGlobalSection
EndGlobal
